
Microsoft Visual Studio Solution File, Format Version 12.00
# Visual Studio 14
VisualStudioVersion = 14.0.24720.0
MinimumVisualStudioVersion = 10.0.40219.1
Project("{FAE04EC0-301F-11D3-BF4B-00C04F79EFBC}") = "Task4", "Task4\Task4.csproj", "{E3FC1609-7507-4C9E-945C-C6E0D92B91D6}"
EndProject
Project("{FAE04EC0-301F-11D3-BF4B-00C04F79EFBC}") = "Tests", "Tests\Tests.csproj", "{B2FAC1F4-3D91-4DB3-8563-41570C4F1DE7}"
EndProject
Global
	GlobalSection(SolutionConfigurationPlatforms) = preSolution
		Debug|Any CPU = Debug|Any CPU
		Release|Any CPU = Release|Any CPU
	EndGlobalSection
	GlobalSection(ProjectConfigurationPlatforms) = postSolution
		{E3FC1609-7507-4C9E-945C-C6E0D92B91D6}.Debug|Any CPU.ActiveCfg = Debug|Any CPU
		{E3FC1609-7507-4C9E-945C-C6E0D92B91D6}.Debug|Any CPU.Build.0 = Debug|Any CPU
		{E3FC1609-7507-4C9E-945C-C6E0D92B91D6}.Release|Any CPU.ActiveCfg = Release|Any CPU
		{E3FC1609-7507-4C9E-945C-C6E0D92B91D6}.Release|Any CPU.Build.0 = Release|Any CPU
		{B2FAC1F4-3D91-4DB3-8563-41570C4F1DE7}.Debug|Any CPU.ActiveCfg = Debug|Any CPU
		{B2FAC1F4-3D91-4DB3-8563-41570C4F1DE7}.Debug|Any CPU.Build.0 = Debug|Any CPU
		{B2FAC1F4-3D91-4DB3-8563-41570C4F1DE7}.Release|Any CPU.ActiveCfg = Release|Any CPU
		{B2FAC1F4-3D91-4DB3-8563-41570C4F1DE7}.Release|Any CPU.Build.0 = Release|Any CPU
	EndGlobalSection
	GlobalSection(SolutionProperties) = preSolution
		HideSolutionNode = FALSE
	EndGlobalSection
EndGlobal
